
Microsoft Visual Studio Solution File, Format Version 12.00
# Visual Studio Version 17
VisualStudioVersion = 17.11.35327.3
MinimumVisualStudioVersion = 10.0.40219.1
Project("{FAE04EC0-301F-11D3-BF4B-00C04F79EFBC}") = "GoogleVoice", "GoogleVoice\GoogleVoice.csproj", "{EF10BD61-3E09-4E14-AFC7-95BE080BA4C0}"
EndProject
Global
	GlobalSection(SolutionConfigurationPlatforms) = preSolution
		Debug|Any CPU = Debug|Any CPU
		Release|Any CPU = Release|Any CPU
	EndGlobalSection
	GlobalSection(ProjectConfigurationPlatforms) = postSolution
		{EF10BD61-3E09-4E14-AFC7-95BE080BA4C0}.Debug|Any CPU.ActiveCfg = Debug|Any CPU
		{EF10BD61-3E09-4E14-AFC7-95BE080BA4C0}.Debug|Any CPU.Build.0 = Debug|Any CPU
		{EF10BD61-3E09-4E14-AFC7-95BE080BA4C0}.Release|Any CPU.ActiveCfg = Release|Any CPU
		{EF10BD61-3E09-4E14-AFC7-95BE080BA4C0}.Release|Any CPU.Build.0 = Release|Any CPU
	EndGlobalSection
	GlobalSection(SolutionProperties) = preSolution
		HideSolutionNode = FALSE
	EndGlobalSection
	GlobalSection(ExtensibilityGlobals) = postSolution
		SolutionGuid = {3A6402B9-4404-4DAB-B130-9E07F77F5060}
	EndGlobalSection
EndGlobal
